// !$*UTF8*$!
{
	archiveVersion = 1;
	classes = {
	};
	objectVersion = 48;
	objects = {

/* Begin PBXBuildFile section */
		100D36FA23E417340074787B /* AppDelegate.swift in Sources */ = {isa = PBXBuildFile; fileRef = 100D36F923E417340074787B /* AppDelegate.swift */; };
		100D36FC23E417340074787B /* WelcomeVC.swift in Sources */ = {isa = PBXBuildFile; fileRef = 100D36FB23E417340074787B /* WelcomeVC.swift */; };
		100D36FF23E417340074787B /* Main.storyboard in Resources */ = {isa = PBXBuildFile; fileRef = 100D36FD23E417340074787B /* Main.storyboard */; };
		100D370123E417340074787B /* Assets.xcassets in Resources */ = {isa = PBXBuildFile; fileRef = 100D370023E417340074787B /* Assets.xcassets */; };
		100D370423E417340074787B /* LaunchScreen.storyboard in Resources */ = {isa = PBXBuildFile; fileRef = 100D370223E417340074787B /* LaunchScreen.storyboard */; };
		100D370F23E41E6D0074787B /* ButtonLayer.swift in Sources */ = {isa = PBXBuildFile; fileRef = 100D370E23E41E6D0074787B /* ButtonLayer.swift */; };
		10670848241146360002613B /* Player.swift in Sources */ = {isa = PBXBuildFile; fileRef = 10670847241146360002613B /* Player.swift */; };
		107D4E1A24104B990061EDCF /* LeagueVC.swift in Sources */ = {isa = PBXBuildFile; fileRef = 107D4E1924104B990061EDCF /* LeagueVC.swift */; };
		107D4E1C24104BB90061EDCF /* SkillVC.swift in Sources */ = {isa = PBXBuildFile; fileRef = 107D4E1B24104BB90061EDCF /* SkillVC.swift */; };
/* End PBXBuildFile section */

/* Begin PBXFileReference section */
		100D36F623E417330074787B /* Swoosh.app */ = {isa = PBXFileReference; explicitFileType = wrapper.application; includeInIndex = 0; path = Swoosh.app; sourceTree = BUILT_PRODUCTS_DIR; };
		100D36F923E417340074787B /* AppDelegate.swift */ = {isa = PBXFileReference; lastKnownFileType = sourcecode.swift; path = AppDelegate.swift; sourceTree = "<group>"; };
		100D36FB23E417340074787B /* WelcomeVC.swift */ = {isa = PBXFileReference; lastKnownFileType = sourcecode.swift; path = WelcomeVC.swift; sourceTree = "<group>"; };
		100D36FE23E417340074787B /* Base */ = {isa = PBXFileReference; lastKnownFileType = file.storyboard; name = Base; path = Base.lproj/Main.storyboard; sourceTree = "<group>"; };
		100D370023E417340074787B /* Assets.xcassets */ = {isa = PBXFileReference; lastKnownFileType = folder.assetcatalog; path = Assets.xcassets; sourceTree = "<group>"; };
		100D370323E417340074787B /* Base */ = {isa = PBXFileReference; lastKnownFileType = file.storyboard; name = Base; path = Base.lproj/LaunchScreen.storyboard; sourceTree = "<group>"; };
		100D370523E417340074787B /* Info.plist */ = {isa = PBXFileReference; lastKnownFileType = text.plist.xml; path = Info.plist; sourceTree = "<group>"; };
		100D370E23E41E6D0074787B /* ButtonLayer.swift */ = {isa = PBXFileReference; lastKnownFileType = sourcecode.swift; path = ButtonLayer.swift; sourceTree = "<group>"; };
		10670847241146360002613B /* Player.swift */ = {isa = PBXFileReference; lastKnownFileType = sourcecode.swift; path = Player.swift; sourceTree = "<group>"; };
		107D4E1924104B990061EDCF /* LeagueVC.swift */ = {isa = PBXFileReference; lastKnownFileType = sourcecode.swift; path = LeagueVC.swift; sourceTree = "<group>"; };
		107D4E1B24104BB90061EDCF /* SkillVC.swift */ = {isa = PBXFileReference; lastKnownFileType = sourcecode.swift; path = SkillVC.swift; sourceTree = "<group>"; };
/* End PBXFileReference section */

/* Begin PBXFrameworksBuildPhase section */
		100D36F323E417330074787B /* Frameworks */ = {
			isa = PBXFrameworksBuildPhase;
			buildActionMask = 2147483647;
			files = (
			);
			runOnlyForDeploymentPostprocessing = 0;
		};
/* End PBXFrameworksBuildPhase section */

/* Begin PBXGroup section */
		100D36ED23E417330074787B = {
			isa = PBXGroup;
			children = (
				100D36F823E417330074787B /* Swoosh */,
				100D36F723E417330074787B /* Products */,
			);
			sourceTree = "<group>";
		};
		100D36F723E417330074787B /* Products */ = {
			isa = PBXGroup;
			children = (
				100D36F623E417330074787B /* Swoosh.app */,
			);
			name = Products;
			sourceTree = "<group>";
		};
		100D36F823E417330074787B /* Swoosh */ = {
			isa = PBXGroup;
			children = (
				107D4E1824104A030061EDCF /* Model */,
				107D4E17241049FC0061EDCF /* View */,
				107D4E16241049F50061EDCF /* Conroller */,
				100D370D23E41E450074787B /* New Group */,
				100D36F923E417340074787B /* AppDelegate.swift */,
				100D36FD23E417340074787B /* Main.storyboard */,
				100D370023E417340074787B /* Assets.xcassets */,
				100D370223E417340074787B /* LaunchScreen.storyboard */,
				100D370523E417340074787B /* Info.plist */,
			);
			path = Swoosh;
			sourceTree = "<group>";
		};
		100D370D23E41E450074787B /* New Group */ = {
			isa = PBXGroup;
			children = (
				100D370E23E41E6D0074787B /* ButtonLayer.swift */,
			);
			path = "New Group";
			sourceTree = "<group>";
		};
		107D4E16241049F50061EDCF /* Conroller */ = {
			isa = PBXGroup;
			children = (
			);
			path = Conroller;
			sourceTree = "<group>";
		};
		107D4E17241049FC0061EDCF /* View */ = {
			isa = PBXGroup;
			children = (
				100D36FB23E417340074787B /* WelcomeVC.swift */,
				107D4E1924104B990061EDCF /* LeagueVC.swift */,
				107D4E1B24104BB90061EDCF /* SkillVC.swift */,
			);
			path = View;
			sourceTree = "<group>";
		};
		107D4E1824104A030061EDCF /* Model */ = {
			isa = PBXGroup;
			children = (
				10670847241146360002613B /* Player.swift */,
			);
			path = Model;
			sourceTree = "<group>";
		};
/* End PBXGroup section */

/* Begin PBXNativeTarget section */
		100D36F523E417330074787B /* Swoosh */ = {
			isa = PBXNativeTarget;
			buildConfigurationList = 100D370823E417340074787B /* Build configuration list for PBXNativeTarget "Swoosh" */;
			buildPhases = (
				100D36F223E417330074787B /* Sources */,
				100D36F323E417330074787B /* Frameworks */,
				100D36F423E417330074787B /* Resources */,
			);
			buildRules = (
			);
			dependencies = (
			);
			name = Swoosh;
			productName = Swoosh;
			productReference = 100D36F623E417330074787B /* Swoosh.app */;
			productType = "com.apple.product-type.application";
		};
/* End PBXNativeTarget section */

/* Begin PBXProject section */
		100D36EE23E417330074787B /* Project object */ = {
			isa = PBXProject;
			attributes = {
				LastSwiftUpdateCheck = 0900;
				LastUpgradeCheck = 0900;
				ORGANIZATIONNAME = "Keshav Sharma";
				TargetAttributes = {
					100D36F523E417330074787B = {
						CreatedOnToolsVersion = 9.0.1;
						ProvisioningStyle = Automatic;
					};
				};
			};
			buildConfigurationList = 100D36F123E417330074787B /* Build configuration list for PBXProject "Swoosh" */;
			compatibilityVersion = "Xcode 8.0";
			developmentRegion = en;
			hasScannedForEncodings = 0;
			knownRegions = (
				en,
				Base,
			);
			mainGroup = 100D36ED23E417330074787B;
			productRefGroup = 100D36F723E417330074787B /* Products */;
			projectDirPath = "";
			projectRoot = "";
			targets = (
				100D36F523E417330074787B /* Swoosh */,
			);
		};
/* End PBXProject section */

/* Begin PBXResourcesBuildPhase section */
		100D36F423E417330074787B /* Resources */ = {
			isa = PBXResourcesBuildPhase;
			buildActionMask = 2147483647;
			files = (
				100D370423E417340074787B /* LaunchScreen.storyboard in Resources */,
				100D370123E417340074787B /* Assets.xcassets in Resources */,
				100D36FF23E417340074787B /* Main.storyboard in Resources */,
			);
			runOnlyForDeploymentPostprocessing = 0;
		};
/* End PBXResourcesBuildPhase section */

/* Begin PBXSourcesBuildPhase section */
		100D36F223E417330074787B /* Sources */ = {
			isa = PBXSourcesBuildPhase;
			buildActionMask = 2147483647;
			files = (
				100D370F23E41E6D0074787B /* ButtonLayer.swift in Sources */,
				107D4E1A24104B990061EDCF /* LeagueVC.swift in Sources */,
				100D36FC23E417340074787B /* WelcomeVC.swift in Sources */,
				107D4E1C24104BB90061EDCF /* SkillVC.swift in Sources */,
				10670848241146360002613B /* Player.swift in Sources */,
				100D36FA23E417340074787B /* AppDelegate.swift in Sources */,
			);
			runOnlyForDeploymentPostprocessing = 0;
		};
/* End PBXSourcesBuildPhase section */

/* Begin PBXVariantGroup section */
		100D36FD23E417340074787B /* Main.storyboard */ = {
			isa = PBXVariantGroup;
			children = (
				100D36FE23E417340074787B /* Base */,
			);
			name = Main.storyboard;
			sourceTree = "<group>";
		};
		100D370223E417340074787B /* LaunchScreen.storyboard */ = {
			isa = PBXVariantGroup;
			children = (
				100D370323E417340074787B /* Base */,
			);
			name = LaunchScreen.storyboard;
			sourceTree = "<group>";
		};
/* End PBXVariantGroup section */

/* Begin XCBuildConfiguration section */
		100D370623E417340074787B /* Debug */ = {
			isa = XCBuildConfiguration;
			buildSettings = {
				ALWAYS_SEARCH_USER_PATHS = NO;
				CLANG_ANALYZER_NONNULL = YES;
				CLANG_ANALYZER_NUMBER_OBJECT_CONVERSION = YES_AGGRESSIVE;
				CLANG_CXX_LANGUAGE_STANDARD = "gnu++14";
				CLANG_CXX_LIBRARY = "libc++";
				CLANG_ENABLE_MODULES = YES;
				CLANG_ENABLE_OBJC_ARC = YES;
				CLANG_WARN_BLOCK_CAPTURE_AUTORELEASING = YES;
				CLANG_WARN_BOOL_CONVERSION = YES;
				CLANG_WARN_COMMA = YES;
				CLANG_WARN_CONSTANT_CONVERSION = YES;
				CLANG_WARN_DIRECT_OBJC_ISA_USAGE = YES_ERROR;
				CLANG_WARN_DOCUMENTATION_COMMENTS = YES;
				CLANG_WARN_EMPTY_BODY = YES;
				CLANG_WARN_ENUM_CONVERSION = YES;
				CLANG_WARN_INFINITE_RECURSION = YES;
				CLANG_WARN_INT_CONVERSION = YES;
				CLANG_WARN_NON_LITERAL_NULL_CONVERSION = YES;
				CLANG_WARN_OBJC_LITERAL_CONVERSION = YES;
				CLANG_WARN_OBJC_ROOT_CLASS = YES_ERROR;
				CLANG_WARN_RANGE_LOOP_ANALYSIS = YES;
				CLANG_WARN_STRICT_PROTOTYPES = YES;
				CLANG_WARN_SUSPICIOUS_MOVE = YES;
				CLANG_WARN_UNGUARDED_AVAILABILITY = YES_AGGRESSIVE;
				CLANG_WARN_UNREACHABLE_CODE = YES;
				CLANG_WARN__DUPLICATE_METHOD_MATCH = YES;
				CODE_SIGN_IDENTITY = "iPhone Developer";
				COPY_PHASE_STRIP = NO;
				DEBUG_INFORMATION_FORMAT = dwarf;
				ENABLE_STRICT_OBJC_MSGSEND = YES;
				ENABLE_TESTABILITY = YES;
				GCC_C_LANGUAGE_STANDARD = gnu11;
				GCC_DYNAMIC_NO_PIC = NO;
				GCC_NO_COMMON_BLOCKS = YES;
				GCC_OPTIMIZATION_LEVEL = 0;
				GCC_PREPROCESSOR_DEFINITIONS = (
					"DEBUG=1",
					"$(inherited)",
				);
				GCC_WARN_64_TO_32_BIT_CONVERSION = YES;
				GCC_WARN_ABOUT_RETURN_TYPE = YES_ERROR;
				GCC_WARN_UNDECLARED_SELECTOR = YES;
				GCC_WARN_UNINITIALIZED_AUTOS = YES_AGGRESSIVE;
				GCC_WARN_UNUSED_FUNCTION = YES;
				GCC_WARN_UNUSED_VARIABLE = YES;
				IPHONEOS_DEPLOYMENT_TARGET = 11.0;
				MTL_ENABLE_DEBUG_INFO = YES;
				ONLY_ACTIVE_ARCH = YES;
				SDKROOT = iphoneos;
				SWIFT_ACTIVE_COMPILATION_CONDITIONS = DEBUG;
				SWIFT_OPTIMIZATION_LEVEL = "-Onone";
			};
			name = Debug;
		};
		100D370723E417340074787B /* Release */ = {
			isa = XCBuildConfiguration;
			buildSettings = {
				ALWAYS_SEARCH_USER_PATHS = NO;
				CLANG_ANALYZER_NONNULL = YES;
				CLANG_ANALYZER_NUMBER_OBJECT_CONVERSION = YES_AGGRESSIVE;
				CLANG_CXX_LANGUAGE_STANDARD = "gnu++14";
				CLANG_CXX_LIBRARY = "libc++";
				CLANG_ENABLE_MODULES = YES;
				CLANG_ENABLE_OBJC_ARC = YES;
				CLANG_WARN_BLOCK_CAPTURE_AUTORELEASING = YES;
				CLANG_WARN_BOOL_CONVERSION = YES;
				CLANG_WARN_COMMA = YES;
				CLANG_WARN_CONSTANT_CONVERSION = YES;
				CLANG_WARN_DIRECT_OBJC_ISA_USAGE = YES_ERROR;
				CLANG_WARN_DOCUMENTATION_COMMENTS = YES;
				CLANG_WARN_EMPTY_BODY = YES;
				CLANG_WARN_ENUM_CONVERSION = YES;
				CLANG_WARN_INFINITE_RECURSION = YES;
				CLANG_WARN_INT_CONVERSION = YES;
				CLANG_WARN_NON_LITERAL_NULL_CONVERSION = YES;
				CLANG_WARN_OBJC_LITERAL_CONVERSION = YES;
				CLANG_WARN_OBJC_ROOT_CLASS = YES_ERROR;
				CLANG_WARN_RANGE_LOOP_ANALYSIS = YES;
				CLANG_WARN_STRICT_PROTOTYPES = YES;
				CLANG_WARN_SUSPICIOUS_MOVE = YES;
				CLANG_WARN_UNGUARDED_AVAILABILITY = YES_AGGRESSIVE;
				CLANG_WARN_UNREACHABLE_CODE = YES;
				CLANG_WARN__DUPLICATE_METHOD_MATCH = YES;
				CODE_SIGN_IDENTITY = "iPhone Developer";
				COPY_PHASE_STRIP = NO;
				DEBUG_INFORMATION_FORMAT = "dwarf-with-dsym";
				ENABLE_NS_ASSERTIONS = NO;
				ENABLE_STRICT_OBJC_MSGSEND = YES;
				GCC_C_LANGUAGE_STANDARD = gnu11;
				GCC_NO_COMMON_BLOCKS = YES;
				GCC_WARN_64_TO_32_BIT_CONVERSION = YES;
				GCC_WARN_ABOUT_RETURN_TYPE = YES_ERROR;
				GCC_WARN_UNDECLARED_SELECTOR = YES;
				GCC_WARN_UNINITIALIZED_AUTOS = YES_AGGRESSIVE;
				GCC_WARN_UNUSED_FUNCTION = YES;
				GCC_WARN_UNUSED_VARIABLE = YES;
				IPHONEOS_DEPLOYMENT_TARGET = 11.0;
				MTL_ENABLE_DEBUG_INFO = NO;
				SDKROOT = iphoneos;
				SWIFT_OPTIMIZATION_LEVEL = "-Owholemodule";
				VALIDATE_PRODUCT = YES;
			};
			name = Release;
		};
		100D370923E417340074787B /* Debug */ = {
			isa = XCBuildConfiguration;
			buildSettings = {
				ASSETCATALOG_COMPILER_APPICON_NAME = AppIcon;
				CODE_SIGN_STYLE = Automatic;
				DEVELOPMENT_TEAM = 65MBWC7QNU;
				INFOPLIST_FILE = Swoosh/Info.plist;
				LD_RUNPATH_SEARCH_PATHS = "$(inherited) @executable_path/Frameworks";
				PRODUCT_BUNDLE_IDENTIFIER = summer.Swoosh;
				PRODUCT_NAME = "$(TARGET_NAME)";
				SWIFT_VERSION = 4.0;
				TARGETED_DEVICE_FAMILY = "1,2";
			};
			name = Debug;
		};
		100D370A23E417340074787B /* Release */ = {
			isa = XCBuildConfiguration;
			buildSettings = {
				ASSETCATALOG_COMPILER_APPICON_NAME = AppIcon;
				CODE_SIGN_STYLE = Automatic;
				DEVELOPMENT_TEAM = 65MBWC7QNU;
				INFOPLIST_FILE = Swoosh/Info.plist;
				LD_RUNPATH_SEARCH_PATHS = "$(inherited) @executable_path/Frameworks";
				PRODUCT_BUNDLE_IDENTIFIER = summer.Swoosh;
				PRODUCT_NAME = "$(TARGET_NAME)";
				SWIFT_VERSION = 4.0;
				TARGETED_DEVICE_FAMILY = "1,2";
			};
			name = Release;
		};
/* End XCBuildConfiguration section */

/* Begin XCConfigurationList section */
		100D36F123E417330074787B /* Build configuration list for PBXProject "Swoosh" */ = {
			isa = XCConfigurationList;
			buildConfigurations = (
				100D370623E417340074787B /* Debug */,
				100D370723E417340074787B /* Release */,
			);
			defaultConfigurationIsVisible = 0;
			defaultConfigurationName = Release;
		};
		100D370823E417340074787B /* Build configuration list for PBXNativeTarget "Swoosh" */ = {
			isa = XCConfigurationList;
			buildConfigurations = (
				100D370923E417340074787B /* Debug */,
				100D370A23E417340074787B /* Release */,
			);
			defaultConfigurationIsVisible = 0;
			defaultConfigurationName = Release;
		};
/* End XCConfigurationList section */
	};
	rootObject = 100D36EE23E417330074787B /* Project object */;
}
